
Microsoft Visual Studio Solution File, Format Version 12.00
# Visual Studio Version 17
VisualStudioVersion = 17.4.33205.214
MinimumVisualStudioVersion = 10.0.40219.1
Project("{FAE04EC0-301F-11D3-BF4B-00C04F79EFBC}") = "dotnet-ef-core", "dotnet-ef-core\dotnet-ef-core.csproj", "{FEC53935-D4ED-4F41-98FB-DC655F6BA549}"
EndProject
Global
	GlobalSection(SolutionConfigurationPlatforms) = preSolution
		Debug|Any CPU = Debug|Any CPU
		Release|Any CPU = Release|Any CPU
	EndGlobalSection
	GlobalSection(ProjectConfigurationPlatforms) = postSolution
		{FEC53935-D4ED-4F41-98FB-DC655F6BA549}.Debug|Any CPU.ActiveCfg = Debug|Any CPU
		{FEC53935-D4ED-4F41-98FB-DC655F6BA549}.Debug|Any CPU.Build.0 = Debug|Any CPU
		{FEC53935-D4ED-4F41-98FB-DC655F6BA549}.Release|Any CPU.ActiveCfg = Release|Any CPU
		{FEC53935-D4ED-4F41-98FB-DC655F6BA549}.Release|Any CPU.Build.0 = Release|Any CPU
	EndGlobalSection
	GlobalSection(SolutionProperties) = preSolution
		HideSolutionNode = FALSE
	EndGlobalSection
	GlobalSection(ExtensibilityGlobals) = postSolution
		SolutionGuid = {9ABE9D11-1480-4AB6-A83C-11F127C1C7A9}
	EndGlobalSection
EndGlobal
